
Microsoft Visual Studio Solution File, Format Version 12.00
Project("{FAE04EC0-301F-11D3-BF4B-00C04F79EFBC}") = "PaperMore", "PaperMore\PaperMore.csproj", "{2C23D204-BAE1-4D76-8856-FD95048732D6}"
EndProject
Project("{FAE04EC0-301F-11D3-BF4B-00C04F79EFBC}") = "Paperless.Client.Gen", "Paperless.Client.Gen\Paperless.Client.Gen.csproj", "{52C4490C-2D62-4ECC-9E62-D84A0A348C9A}"
EndProject
Project("{FAE04EC0-301F-11D3-BF4B-00C04F79EFBC}") = "PaperMore.Tests", "PaperMore.Tests\PaperMore.Tests.csproj", "{C921F3EE-3FC7-40AF-9524-48D2BD54843F}"
EndProject
Global
	GlobalSection(SolutionConfigurationPlatforms) = preSolution
		Debug|Any CPU = Debug|Any CPU
		Release|Any CPU = Release|Any CPU
	EndGlobalSection
	GlobalSection(ProjectConfigurationPlatforms) = postSolution
		{2C23D204-BAE1-4D76-8856-FD95048732D6}.Debug|Any CPU.ActiveCfg = Debug|Any CPU
		{2C23D204-BAE1-4D76-8856-FD95048732D6}.Debug|Any CPU.Build.0 = Debug|Any CPU
		{2C23D204-BAE1-4D76-8856-FD95048732D6}.Release|Any CPU.ActiveCfg = Release|Any CPU
		{2C23D204-BAE1-4D76-8856-FD95048732D6}.Release|Any CPU.Build.0 = Release|Any CPU
		{52C4490C-2D62-4ECC-9E62-D84A0A348C9A}.Debug|Any CPU.ActiveCfg = Debug|Any CPU
		{52C4490C-2D62-4ECC-9E62-D84A0A348C9A}.Debug|Any CPU.Build.0 = Debug|Any CPU
		{52C4490C-2D62-4ECC-9E62-D84A0A348C9A}.Release|Any CPU.ActiveCfg = Release|Any CPU
		{52C4490C-2D62-4ECC-9E62-D84A0A348C9A}.Release|Any CPU.Build.0 = Release|Any CPU
		{C921F3EE-3FC7-40AF-9524-48D2BD54843F}.Debug|Any CPU.ActiveCfg = Debug|Any CPU
		{C921F3EE-3FC7-40AF-9524-48D2BD54843F}.Debug|Any CPU.Build.0 = Debug|Any CPU
		{C921F3EE-3FC7-40AF-9524-48D2BD54843F}.Release|Any CPU.ActiveCfg = Release|Any CPU
		{C921F3EE-3FC7-40AF-9524-48D2BD54843F}.Release|Any CPU.Build.0 = Release|Any CPU
	EndGlobalSection
EndGlobal
